
Microsoft Visual Studio Solution File, Format Version 12.00
# Visual Studio Version 17
VisualStudioVersion = 17.9.34321.82
MinimumVisualStudioVersion = 10.0.40219.1
Project("{9A19103F-16F7-4668-BE54-9A1E7A4F7556}") = "Unknown6656.Units", "Unknown6656.Units\Unknown6656.Units.csproj", "{BCF1A956-CF70-4D04-8ABC-EA387B80D08B}"
EndProject
Project("{9A19103F-16F7-4668-BE54-9A1E7A4F7556}") = "Demo", "Demo\Demo.csproj", "{D2377BFA-8DC9-404C-81E7-0B0BA2E5BA75}"
EndProject
Project("{9A19103F-16F7-4668-BE54-9A1E7A4F7556}") = "Unknown6656.Units.SourceGenerators", "Unknown6656.Units.SourceGenerators\Unknown6656.Units.SourceGenerators.csproj", "{0D9F17A8-D3D2-4D94-B69B-C3264D8B235A}"
EndProject
Project("{FAE04EC0-301F-11D3-BF4B-00C04F79EFBC}") = "Unknown6656.Units.Core", "Unknown6656.Units.Core\Unknown6656.Units.Core.csproj", "{73FEA015-492E-4AB8-82B4-062107C874FC}"
EndProject
Global
	GlobalSection(SolutionConfigurationPlatforms) = preSolution
		Debug|Any CPU = Debug|Any CPU
		Release|Any CPU = Release|Any CPU
	EndGlobalSection
	GlobalSection(ProjectConfigurationPlatforms) = postSolution
		{BCF1A956-CF70-4D04-8ABC-EA387B80D08B}.Debug|Any CPU.ActiveCfg = Debug|Any CPU
		{BCF1A956-CF70-4D04-8ABC-EA387B80D08B}.Debug|Any CPU.Build.0 = Debug|Any CPU
		{BCF1A956-CF70-4D04-8ABC-EA387B80D08B}.Release|Any CPU.ActiveCfg = Release|Any CPU
		{BCF1A956-CF70-4D04-8ABC-EA387B80D08B}.Release|Any CPU.Build.0 = Release|Any CPU
		{D2377BFA-8DC9-404C-81E7-0B0BA2E5BA75}.Debug|Any CPU.ActiveCfg = Debug|Any CPU
		{D2377BFA-8DC9-404C-81E7-0B0BA2E5BA75}.Debug|Any CPU.Build.0 = Debug|Any CPU
		{D2377BFA-8DC9-404C-81E7-0B0BA2E5BA75}.Release|Any CPU.ActiveCfg = Release|Any CPU
		{D2377BFA-8DC9-404C-81E7-0B0BA2E5BA75}.Release|Any CPU.Build.0 = Release|Any CPU
		{0D9F17A8-D3D2-4D94-B69B-C3264D8B235A}.Debug|Any CPU.ActiveCfg = Debug|Any CPU
		{0D9F17A8-D3D2-4D94-B69B-C3264D8B235A}.Debug|Any CPU.Build.0 = Debug|Any CPU
		{0D9F17A8-D3D2-4D94-B69B-C3264D8B235A}.Release|Any CPU.ActiveCfg = Release|Any CPU
		{0D9F17A8-D3D2-4D94-B69B-C3264D8B235A}.Release|Any CPU.Build.0 = Release|Any CPU
		{73FEA015-492E-4AB8-82B4-062107C874FC}.Debug|Any CPU.ActiveCfg = Debug|Any CPU
		{73FEA015-492E-4AB8-82B4-062107C874FC}.Debug|Any CPU.Build.0 = Debug|Any CPU
		{73FEA015-492E-4AB8-82B4-062107C874FC}.Release|Any CPU.ActiveCfg = Release|Any CPU
		{73FEA015-492E-4AB8-82B4-062107C874FC}.Release|Any CPU.Build.0 = Release|Any CPU
	EndGlobalSection
	GlobalSection(SolutionProperties) = preSolution
		HideSolutionNode = FALSE
	EndGlobalSection
	GlobalSection(ExtensibilityGlobals) = postSolution
		SolutionGuid = {7B8416A9-57B6-4E07-982C-5A82FDF08D4E}
	EndGlobalSection
EndGlobal
